
Microsoft Visual Studio Solution File, Format Version 12.00
# Visual Studio Version 16
VisualStudioVersion = 16.0.30114.105
MinimumVisualStudioVersion = 10.0.40219.1
Project("{FAE04EC0-301F-11D3-BF4B-00C04F79EFBC}") = "SELearning", "SELearning\SELearning.csproj", "{278CA1D2-C2EB-4B95-B497-3B6809A46CA2}"
EndProject
Project("{FAE04EC0-301F-11D3-BF4B-00C04F79EFBC}") = "SELearning.Tests", "SELearning.Tests\SELearning.Tests.csproj", "{21B40677-B0F2-4321-B651-0AF9453266A6}"
EndProject
Global
	GlobalSection(SolutionConfigurationPlatforms) = preSolution
		Debug|Any CPU = Debug|Any CPU
		Release|Any CPU = Release|Any CPU
	EndGlobalSection
	GlobalSection(SolutionProperties) = preSolution
		HideSolutionNode = FALSE
	EndGlobalSection
	GlobalSection(ProjectConfigurationPlatforms) = postSolution
		{278CA1D2-C2EB-4B95-B497-3B6809A46CA2}.Debug|Any CPU.ActiveCfg = Debug|Any CPU
		{278CA1D2-C2EB-4B95-B497-3B6809A46CA2}.Debug|Any CPU.Build.0 = Debug|Any CPU
		{278CA1D2-C2EB-4B95-B497-3B6809A46CA2}.Release|Any CPU.ActiveCfg = Release|Any CPU
		{278CA1D2-C2EB-4B95-B497-3B6809A46CA2}.Release|Any CPU.Build.0 = Release|Any CPU
		{21B40677-B0F2-4321-B651-0AF9453266A6}.Debug|Any CPU.ActiveCfg = Debug|Any CPU
		{21B40677-B0F2-4321-B651-0AF9453266A6}.Debug|Any CPU.Build.0 = Debug|Any CPU
		{21B40677-B0F2-4321-B651-0AF9453266A6}.Release|Any CPU.ActiveCfg = Release|Any CPU
		{21B40677-B0F2-4321-B651-0AF9453266A6}.Release|Any CPU.Build.0 = Release|Any CPU
	EndGlobalSection
EndGlobal
